// !$*UTF8*$!
{
	archiveVersion = 1;
	classes = {
	};
	objectVersion = 50;
	objects = {

/* Begin PBXBuildFile section */
		DF5A7CA3224E9C3A0086FD72 /* AppDelegate.swift in Sources */ = {isa = PBXBuildFile; fileRef = DF5A7CA2224E9C3A0086FD72 /* AppDelegate.swift */; };
		DF5A7CA8224E9C3A0086FD72 /* Main.storyboard in Resources */ = {isa = PBXBuildFile; fileRef = DF5A7CA6224E9C3A0086FD72 /* Main.storyboard */; };
		DF5A7CAA224E9C3C0086FD72 /* Assets.xcassets in Resources */ = {isa = PBXBuildFile; fileRef = DF5A7CA9224E9C3C0086FD72 /* Assets.xcassets */; };
		DF5A7CAD224E9C3C0086FD72 /* LaunchScreen.storyboard in Resources */ = {isa = PBXBuildFile; fileRef = DF5A7CAB224E9C3C0086FD72 /* LaunchScreen.storyboard */; };
		DF5A7CB5224E9C660086FD72 /* MyTableViewController.swift in Sources */ = {isa = PBXBuildFile; fileRef = DF5A7CB4224E9C660086FD72 /* MyTableViewController.swift */; };
/* End PBXBuildFile section */

/* Begin PBXFileReference section */
		DF5A7C9F224E9C3A0086FD72 /* ExercicioTabela.app */ = {isa = PBXFileReference; explicitFileType = wrapper.application; includeInIndex = 0; path = ExercicioTabela.app; sourceTree = BUILT_PRODUCTS_DIR; };
		DF5A7CA2224E9C3A0086FD72 /* AppDelegate.swift */ = {isa = PBXFileReference; lastKnownFileType = sourcecode.swift; path = AppDelegate.swift; sourceTree = "<group>"; };
		DF5A7CA7224E9C3A0086FD72 /* Base */ = {isa = PBXFileReference; lastKnownFileType = file.storyboard; name = Base; path = Base.lproj/Main.storyboard; sourceTree = "<group>"; };
		DF5A7CA9224E9C3C0086FD72 /* Assets.xcassets */ = {isa = PBXFileReference; lastKnownFileType = folder.assetcatalog; path = Assets.xcassets; sourceTree = "<group>"; };
		DF5A7CAC224E9C3C0086FD72 /* Base */ = {isa = PBXFileReference; lastKnownFileType = file.storyboard; name = Base; path = Base.lproj/LaunchScreen.storyboard; sourceTree = "<group>"; };
		DF5A7CAE224E9C3C0086FD72 /* Info.plist */ = {isa = PBXFileReference; lastKnownFileType = text.plist.xml; path = Info.plist; sourceTree = "<group>"; };
		DF5A7CB4224E9C660086FD72 /* MyTableViewController.swift */ = {isa = PBXFileReference; lastKnownFileType = sourcecode.swift; path = MyTableViewController.swift; sourceTree = "<group>"; };
/* End PBXFileReference section */

/* Begin PBXFrameworksBuildPhase section */
		DF5A7C9C224E9C3A0086FD72 /* Frameworks */ = {
			isa = PBXFrameworksBuildPhase;
			buildActionMask = 2147483647;
			files = (
			);
			runOnlyForDeploymentPostprocessing = 0;
		};
/* End PBXFrameworksBuildPhase section */

/* Begin PBXGroup section */
		DF5A7C96224E9C3A0086FD72 = {
			isa = PBXGroup;
			children = (
				DF5A7CA1224E9C3A0086FD72 /* ExercicioTabela */,
				DF5A7CA0224E9C3A0086FD72 /* Products */,
			);
			sourceTree = "<group>";
		};
		DF5A7CA0224E9C3A0086FD72 /* Products */ = {
			isa = PBXGroup;
			children = (
				DF5A7C9F224E9C3A0086FD72 /* ExercicioTabela.app */,
			);
			name = Products;
			sourceTree = "<group>";
		};
		DF5A7CA1224E9C3A0086FD72 /* ExercicioTabela */ = {
			isa = PBXGroup;
			children = (
				DF5A7CA2224E9C3A0086FD72 /* AppDelegate.swift */,
				DF5A7CB4224E9C660086FD72 /* MyTableViewController.swift */,
				DF5A7CA6224E9C3A0086FD72 /* Main.storyboard */,
				DF5A7CA9224E9C3C0086FD72 /* Assets.xcassets */,
				DF5A7CAB224E9C3C0086FD72 /* LaunchScreen.storyboard */,
				DF5A7CAE224E9C3C0086FD72 /* Info.plist */,
			);
			path = ExercicioTabela;
			sourceTree = "<group>";
		};
/* End PBXGroup section */

/* Begin PBXNativeTarget section */
		DF5A7C9E224E9C3A0086FD72 /* ExercicioTabela */ = {
			isa = PBXNativeTarget;
			buildConfigurationList = DF5A7CB1224E9C3C0086FD72 /* Build configuration list for PBXNativeTarget "ExercicioTabela" */;
			buildPhases = (
				DF5A7C9B224E9C3A0086FD72 /* Sources */,
				DF5A7C9C224E9C3A0086FD72 /* Frameworks */,
				DF5A7C9D224E9C3A0086FD72 /* Resources */,
			);
			buildRules = (
			);
			dependencies = (
			);
			name = ExercicioTabela;
			productName = ExercicioTabela;
			productReference = DF5A7C9F224E9C3A0086FD72 /* ExercicioTabela.app */;
			productType = "com.apple.product-type.application";
		};
/* End PBXNativeTarget section */

/* Begin PBXProject section */
		DF5A7C97224E9C3A0086FD72 /* Project object */ = {
			isa = PBXProject;
			attributes = {
				LastSwiftUpdateCheck = 1000;
				LastUpgradeCheck = 1000;
				ORGANIZATIONNAME = "Helaine Alves Pontes";
				TargetAttributes = {
					DF5A7C9E224E9C3A0086FD72 = {
						CreatedOnToolsVersion = 10.0;
					};
				};
			};
			buildConfigurationList = DF5A7C9A224E9C3A0086FD72 /* Build configuration list for PBXProject "ExercicioTabela" */;
			compatibilityVersion = "Xcode 9.3";
			developmentRegion = en;
			hasScannedForEncodings = 0;
			knownRegions = (
				en,
				Base,
			);
			mainGroup = DF5A7C96224E9C3A0086FD72;
			productRefGroup = DF5A7CA0224E9C3A0086FD72 /* Products */;
			projectDirPath = "";
			projectRoot = "";
			targets = (
				DF5A7C9E224E9C3A0086FD72 /* ExercicioTabela */,
			);
		};
/* End PBXProject section */

/* Begin PBXResourcesBuildPhase section */
		DF5A7C9D224E9C3A0086FD72 /* Resources */ = {
			isa = PBXResourcesBuildPhase;
			buildActionMask = 2147483647;
			files = (
				DF5A7CAD224E9C3C0086FD72 /* LaunchScreen.storyboard in Resources */,
				DF5A7CAA224E9C3C0086FD72 /* Assets.xcassets in Resources */,
				DF5A7CA8224E9C3A0086FD72 /* Main.storyboard in Resources */,
			);
			runOnlyForDeploymentPostprocessing = 0;
		};
/* End PBXResourcesBuildPhase section */

/* Begin PBXSourcesBuildPhase section */
		DF5A7C9B224E9C3A0086FD72 /* Sources */ = {
			isa = PBXSourcesBuildPhase;
			buildActionMask = 2147483647;
			files = (
				DF5A7CA3224E9C3A0086FD72 /* AppDelegate.swift in Sources */,
				DF5A7CB5224E9C660086FD72 /* MyTableViewController.swift in Sources */,
			);
			runOnlyForDeploymentPostprocessing = 0;
		};
/* End PBXSourcesBuildPhase section */

/* Begin PBXVariantGroup section */
		DF5A7CA6224E9C3A0086FD72 /* Main.storyboard */ = {
			isa = PBXVariantGroup;
			children = (
				DF5A7CA7224E9C3A0086FD72 /* Base */,
			);
			name = Main.storyboard;
			sourceTree = "<group>";
		};
		DF5A7CAB224E9C3C0086FD72 /* LaunchScreen.storyboard */ = {
			isa = PBXVariantGroup;
			children = (
				DF5A7CAC224E9C3C0086FD72 /* Base */,
			);
			name = LaunchScreen.storyboard;
			sourceTree = "<group>";
		};
/* End PBXVariantGroup section */

/* Begin XCBuildConfiguration section */
		DF5A7CAF224E9C3C0086FD72 /* Debug */ = {
			isa = XCBuildConfiguration;
			buildSettings = {
				ALWAYS_SEARCH_USER_PATHS = NO;
				CLANG_ANALYZER_NONNULL = YES;
				CLANG_ANALYZER_NUMBER_OBJECT_CONVERSION = YES_AGGRESSIVE;
				CLANG_CXX_LANGUAGE_STANDARD = "gnu++14";
				CLANG_CXX_LIBRARY = "libc++";
				CLANG_ENABLE_MODULES = YES;
				CLANG_ENABLE_OBJC_ARC = YES;
				CLANG_ENABLE_OBJC_WEAK = YES;
				CLANG_WARN_BLOCK_CAPTURE_AUTORELEASING = YES;
				CLANG_WARN_BOOL_CONVERSION = YES;
				CLANG_WARN_COMMA = YES;
				CLANG_WARN_CONSTANT_CONVERSION = YES;
				CLANG_WARN_DEPRECATED_OBJC_IMPLEMENTATIONS = YES;
				CLANG_WARN_DIRECT_OBJC_ISA_USAGE = YES_ERROR;
				CLANG_WARN_DOCUMENTATION_COMMENTS = YES;
				CLANG_WARN_EMPTY_BODY = YES;
				CLANG_WARN_ENUM_CONVERSION = YES;
				CLANG_WARN_INFINITE_RECURSION = YES;
				CLANG_WARN_INT_CONVERSION = YES;
				CLANG_WARN_NON_LITERAL_NULL_CONVERSION = YES;
				CLANG_WARN_OBJC_IMPLICIT_RETAIN_SELF = YES;
				CLANG_WARN_OBJC_LITERAL_CONVERSION = YES;
				CLANG_WARN_OBJC_ROOT_CLASS = YES_ERROR;
				CLANG_WARN_RANGE_LOOP_ANALYSIS = YES;
				CLANG_WARN_STRICT_PROTOTYPES = YES;
				CLANG_WARN_SUSPICIOUS_MOVE = YES;
				CLANG_WARN_UNGUARDED_AVAILABILITY = YES_AGGRESSIVE;
				CLANG_WARN_UNREACHABLE_CODE = YES;
				CLANG_WARN__DUPLICATE_METHOD_MATCH = YES;
				CODE_SIGN_IDENTITY = "iPhone Developer";
				COPY_PHASE_STRIP = NO;
				DEBUG_INFORMATION_FORMAT = dwarf;
				ENABLE_STRICT_OBJC_MSGSEND = YES;
				ENABLE_TESTABILITY = YES;
				GCC_C_LANGUAGE_STANDARD = gnu11;
				GCC_DYNAMIC_NO_PIC = NO;
				GCC_NO_COMMON_BLOCKS = YES;
				GCC_OPTIMIZATION_LEVEL = 0;
				GCC_PREPROCESSOR_DEFINITIONS = (
					"DEBUG=1",
					"$(inherited)",
				);
				GCC_WARN_64_TO_32_BIT_CONVERSION = YES;
				GCC_WARN_ABOUT_RETURN_TYPE = YES_ERROR;
				GCC_WARN_UNDECLARED_SELECTOR = YES;
				GCC_WARN_UNINITIALIZED_AUTOS = YES_AGGRESSIVE;
				GCC_WARN_UNUSED_FUNCTION = YES;
				GCC_WARN_UNUSED_VARIABLE = YES;
				IPHONEOS_DEPLOYMENT_TARGET = 12.0;
				MTL_ENABLE_DEBUG_INFO = INCLUDE_SOURCE;
				MTL_FAST_MATH = YES;
				ONLY_ACTIVE_ARCH = YES;
				SDKROOT = iphoneos;
				SWIFT_ACTIVE_COMPILATION_CONDITIONS = DEBUG;
				SWIFT_OPTIMIZATION_LEVEL = "-Onone";
			};
			name = Debug;
		};
		DF5A7CB0224E9C3C0086FD72 /* Release */ = {
			isa = XCBuildConfiguration;
			buildSettings = {
				ALWAYS_SEARCH_USER_PATHS = NO;
				CLANG_ANALYZER_NONNULL = YES;
				CLANG_ANALYZER_NUMBER_OBJECT_CONVERSION = YES_AGGRESSIVE;
				CLANG_CXX_LANGUAGE_STANDARD = "gnu++14";
				CLANG_CXX_LIBRARY = "libc++";
				CLANG_ENABLE_MODULES = YES;
				CLANG_ENABLE_OBJC_ARC = YES;
				CLANG_ENABLE_OBJC_WEAK = YES;
				CLANG_WARN_BLOCK_CAPTURE_AUTORELEASING = YES;
				CLANG_WARN_BOOL_CONVERSION = YES;
				CLANG_WARN_COMMA = YES;
				CLANG_WARN_CONSTANT_CONVERSION = YES;
				CLANG_WARN_DEPRECATED_OBJC_IMPLEMENTATIONS = YES;
				CLANG_WARN_DIRECT_OBJC_ISA_USAGE = YES_ERROR;
				CLANG_WARN_DOCUMENTATION_COMMENTS = YES;
				CLANG_WARN_EMPTY_BODY = YES;
				CLANG_WARN_ENUM_CONVERSION = YES;
				CLANG_WARN_INFINITE_RECURSION = YES;
				CLANG_WARN_INT_CONVERSION = YES;
				CLANG_WARN_NON_LITERAL_NULL_CONVERSION = YES;
				CLANG_WARN_OBJC_IMPLICIT_RETAIN_SELF = YES;
				CLANG_WARN_OBJC_LITERAL_CONVERSION = YES;
				CLANG_WARN_OBJC_ROOT_CLASS = YES_ERROR;
				CLANG_WARN_RANGE_LOOP_ANALYSIS = YES;
				CLANG_WARN_STRICT_PROTOTYPES = YES;
				CLANG_WARN_SUSPICIOUS_MOVE = YES;
				CLANG_WARN_UNGUARDED_AVAILABILITY = YES_AGGRESSIVE;
				CLANG_WARN_UNREACHABLE_CODE = YES;
				CLANG_WARN__DUPLICATE_METHOD_MATCH = YES;
				CODE_SIGN_IDENTITY = "iPhone Developer";
				COPY_PHASE_STRIP = NO;
				DEBUG_INFORMATION_FORMAT = "dwarf-with-dsym";
				ENABLE_NS_ASSERTIONS = NO;
				ENABLE_STRICT_OBJC_MSGSEND = YES;
				GCC_C_LANGUAGE_STANDARD = gnu11;
				GCC_NO_COMMON_BLOCKS = YES;
				GCC_WARN_64_TO_32_BIT_CONVERSION = YES;
				GCC_WARN_ABOUT_RETURN_TYPE = YES_ERROR;
				GCC_WARN_UNDECLARED_SELECTOR = YES;
				GCC_WARN_UNINITIALIZED_AUTOS = YES_AGGRESSIVE;
				GCC_WARN_UNUSED_FUNCTION = YES;
				GCC_WARN_UNUSED_VARIABLE = YES;
				IPHONEOS_DEPLOYMENT_TARGET = 12.0;
				MTL_ENABLE_DEBUG_INFO = NO;
				MTL_FAST_MATH = YES;
				SDKROOT = iphoneos;
				SWIFT_COMPILATION_MODE = wholemodule;
				SWIFT_OPTIMIZATION_LEVEL = "-O";
				VALIDATE_PRODUCT = YES;
			};
			name = Release;
		};
		DF5A7CB2224E9C3C0086FD72 /* Debug */ = {
			isa = XCBuildConfiguration;
			buildSettings = {
				ASSETCATALOG_COMPILER_APPICON_NAME = AppIcon;
				CODE_SIGN_STYLE = Automatic;
				DEVELOPMENT_TEAM = BYHH9YALN2;
				INFOPLIST_FILE = ExercicioTabela/Info.plist;
				LD_RUNPATH_SEARCH_PATHS = (
					"$(inherited)",
					"@executable_path/Frameworks",
				);
				PRODUCT_BUNDLE_IDENTIFIER = Helaine.ExercicioTabela;
				PRODUCT_NAME = "$(TARGET_NAME)";
				SWIFT_VERSION = 4.2;
				TARGETED_DEVICE_FAMILY = "1,2";
			};
			name = Debug;
		};
		DF5A7CB3224E9C3C0086FD72 /* Release */ = {
			isa = XCBuildConfiguration;
			buildSettings = {
				ASSETCATALOG_COMPILER_APPICON_NAME = AppIcon;
				CODE_SIGN_STYLE = Automatic;
				DEVELOPMENT_TEAM = BYHH9YALN2;
				INFOPLIST_FILE = ExercicioTabela/Info.plist;
				LD_RUNPATH_SEARCH_PATHS = (
					"$(inherited)",
					"@executable_path/Frameworks",
				);
				PRODUCT_BUNDLE_IDENTIFIER = Helaine.ExercicioTabela;
				PRODUCT_NAME = "$(TARGET_NAME)";
				SWIFT_VERSION = 4.2;
				TARGETED_DEVICE_FAMILY = "1,2";
			};
			name = Release;
		};
/* End XCBuildConfiguration section */

/* Begin XCConfigurationList section */
		DF5A7C9A224E9C3A0086FD72 /* Build configuration list for PBXProject "ExercicioTabela" */ = {
			isa = XCConfigurationList;
			buildConfigurations = (
				DF5A7CAF224E9C3C0086FD72 /* Debug */,
				DF5A7CB0224E9C3C0086FD72 /* Release */,
			);
			defaultConfigurationIsVisible = 0;
			defaultConfigurationName = Release;
		};
		DF5A7CB1224E9C3C0086FD72 /* Build configuration list for PBXNativeTarget "ExercicioTabela" */ = {
			isa = XCConfigurationList;
			buildConfigurations = (
				DF5A7CB2224E9C3C0086FD72 /* Debug */,
				DF5A7CB3224E9C3C0086FD72 /* Release */,
			);
			defaultConfigurationIsVisible = 0;
			defaultConfigurationName = Release;
		};
/* End XCConfigurationList section */
	};
	rootObject = DF5A7C97224E9C3A0086FD72 /* Project object */;
}
