// !$*UTF8*$!
{
	archiveVersion = 1;
	classes = {
	};
	objectVersion = 50;
	objects = {

/* Begin PBXBuildFile section */
		DF4578EB224D50F20095404F /* MyViewController.swift in Sources */ = {isa = PBXBuildFile; fileRef = DF4578EA224D50F20095404F /* MyViewController.swift */; };
		DF97EB63224D435000B5DA3A /* AppDelegate.swift in Sources */ = {isa = PBXBuildFile; fileRef = DF97EB62224D435000B5DA3A /* AppDelegate.swift */; };
		DF97EB68224D435000B5DA3A /* Main.storyboard in Resources */ = {isa = PBXBuildFile; fileRef = DF97EB66224D435000B5DA3A /* Main.storyboard */; };
		DF97EB6A224D435100B5DA3A /* Assets.xcassets in Resources */ = {isa = PBXBuildFile; fileRef = DF97EB69224D435100B5DA3A /* Assets.xcassets */; };
		DF97EB6D224D435100B5DA3A /* LaunchScreen.storyboard in Resources */ = {isa = PBXBuildFile; fileRef = DF97EB6B224D435100B5DA3A /* LaunchScreen.storyboard */; };
		DF97EB75224D444200B5DA3A /* MyTableViewController.swift in Sources */ = {isa = PBXBuildFile; fileRef = DF97EB74224D444200B5DA3A /* MyTableViewController.swift */; };
/* End PBXBuildFile section */

/* Begin PBXFileReference section */
		DF4578EA224D50F20095404F /* MyViewController.swift */ = {isa = PBXFileReference; lastKnownFileType = sourcecode.swift; path = MyViewController.swift; sourceTree = "<group>"; };
		DF97EB5F224D435000B5DA3A /* TableViewEx.app */ = {isa = PBXFileReference; explicitFileType = wrapper.application; includeInIndex = 0; path = TableViewEx.app; sourceTree = BUILT_PRODUCTS_DIR; };
		DF97EB62224D435000B5DA3A /* AppDelegate.swift */ = {isa = PBXFileReference; lastKnownFileType = sourcecode.swift; path = AppDelegate.swift; sourceTree = "<group>"; };
		DF97EB67224D435000B5DA3A /* Base */ = {isa = PBXFileReference; lastKnownFileType = file.storyboard; name = Base; path = Base.lproj/Main.storyboard; sourceTree = "<group>"; };
		DF97EB69224D435100B5DA3A /* Assets.xcassets */ = {isa = PBXFileReference; lastKnownFileType = folder.assetcatalog; path = Assets.xcassets; sourceTree = "<group>"; };
		DF97EB6C224D435100B5DA3A /* Base */ = {isa = PBXFileReference; lastKnownFileType = file.storyboard; name = Base; path = Base.lproj/LaunchScreen.storyboard; sourceTree = "<group>"; };
		DF97EB6E224D435100B5DA3A /* Info.plist */ = {isa = PBXFileReference; lastKnownFileType = text.plist.xml; path = Info.plist; sourceTree = "<group>"; };
		DF97EB74224D444200B5DA3A /* MyTableViewController.swift */ = {isa = PBXFileReference; lastKnownFileType = sourcecode.swift; path = MyTableViewController.swift; sourceTree = "<group>"; };
/* End PBXFileReference section */

/* Begin PBXFrameworksBuildPhase section */
		DF97EB5C224D435000B5DA3A /* Frameworks */ = {
			isa = PBXFrameworksBuildPhase;
			buildActionMask = 2147483647;
			files = (
			);
			runOnlyForDeploymentPostprocessing = 0;
		};
/* End PBXFrameworksBuildPhase section */

/* Begin PBXGroup section */
		DF97EB56224D435000B5DA3A = {
			isa = PBXGroup;
			children = (
				DF97EB61224D435000B5DA3A /* TableViewEx */,
				DF97EB60224D435000B5DA3A /* Products */,
			);
			sourceTree = "<group>";
		};
		DF97EB60224D435000B5DA3A /* Products */ = {
			isa = PBXGroup;
			children = (
				DF97EB5F224D435000B5DA3A /* TableViewEx.app */,
			);
			name = Products;
			sourceTree = "<group>";
		};
		DF97EB61224D435000B5DA3A /* TableViewEx */ = {
			isa = PBXGroup;
			children = (
				DF97EB62224D435000B5DA3A /* AppDelegate.swift */,
				DF4578EA224D50F20095404F /* MyViewController.swift */,
				DF97EB74224D444200B5DA3A /* MyTableViewController.swift */,
				DF97EB66224D435000B5DA3A /* Main.storyboard */,
				DF97EB69224D435100B5DA3A /* Assets.xcassets */,
				DF97EB6B224D435100B5DA3A /* LaunchScreen.storyboard */,
				DF97EB6E224D435100B5DA3A /* Info.plist */,
			);
			path = TableViewEx;
			sourceTree = "<group>";
		};
/* End PBXGroup section */

/* Begin PBXNativeTarget section */
		DF97EB5E224D435000B5DA3A /* TableViewEx */ = {
			isa = PBXNativeTarget;
			buildConfigurationList = DF97EB71224D435100B5DA3A /* Build configuration list for PBXNativeTarget "TableViewEx" */;
			buildPhases = (
				DF97EB5B224D435000B5DA3A /* Sources */,
				DF97EB5C224D435000B5DA3A /* Frameworks */,
				DF97EB5D224D435000B5DA3A /* Resources */,
			);
			buildRules = (
			);
			dependencies = (
			);
			name = TableViewEx;
			productName = TableViewEx;
			productReference = DF97EB5F224D435000B5DA3A /* TableViewEx.app */;
			productType = "com.apple.product-type.application";
		};
/* End PBXNativeTarget section */

/* Begin PBXProject section */
		DF97EB57224D435000B5DA3A /* Project object */ = {
			isa = PBXProject;
			attributes = {
				LastSwiftUpdateCheck = 1000;
				LastUpgradeCheck = 1000;
				ORGANIZATIONNAME = "Helaine Alves Pontes";
				TargetAttributes = {
					DF97EB5E224D435000B5DA3A = {
						CreatedOnToolsVersion = 10.0;
					};
				};
			};
			buildConfigurationList = DF97EB5A224D435000B5DA3A /* Build configuration list for PBXProject "TableViewEx" */;
			compatibilityVersion = "Xcode 9.3";
			developmentRegion = en;
			hasScannedForEncodings = 0;
			knownRegions = (
				en,
				Base,
			);
			mainGroup = DF97EB56224D435000B5DA3A;
			productRefGroup = DF97EB60224D435000B5DA3A /* Products */;
			projectDirPath = "";
			projectRoot = "";
			targets = (
				DF97EB5E224D435000B5DA3A /* TableViewEx */,
			);
		};
/* End PBXProject section */

/* Begin PBXResourcesBuildPhase section */
		DF97EB5D224D435000B5DA3A /* Resources */ = {
			isa = PBXResourcesBuildPhase;
			buildActionMask = 2147483647;
			files = (
				DF97EB6D224D435100B5DA3A /* LaunchScreen.storyboard in Resources */,
				DF97EB6A224D435100B5DA3A /* Assets.xcassets in Resources */,
				DF97EB68224D435000B5DA3A /* Main.storyboard in Resources */,
			);
			runOnlyForDeploymentPostprocessing = 0;
		};
/* End PBXResourcesBuildPhase section */

/* Begin PBXSourcesBuildPhase section */
		DF97EB5B224D435000B5DA3A /* Sources */ = {
			isa = PBXSourcesBuildPhase;
			buildActionMask = 2147483647;
			files = (
				DF97EB63224D435000B5DA3A /* AppDelegate.swift in Sources */,
				DF4578EB224D50F20095404F /* MyViewController.swift in Sources */,
				DF97EB75224D444200B5DA3A /* MyTableViewController.swift in Sources */,
			);
			runOnlyForDeploymentPostprocessing = 0;
		};
/* End PBXSourcesBuildPhase section */

/* Begin PBXVariantGroup section */
		DF97EB66224D435000B5DA3A /* Main.storyboard */ = {
			isa = PBXVariantGroup;
			children = (
				DF97EB67224D435000B5DA3A /* Base */,
			);
			name = Main.storyboard;
			sourceTree = "<group>";
		};
		DF97EB6B224D435100B5DA3A /* LaunchScreen.storyboard */ = {
			isa = PBXVariantGroup;
			children = (
				DF97EB6C224D435100B5DA3A /* Base */,
			);
			name = LaunchScreen.storyboard;
			sourceTree = "<group>";
		};
/* End PBXVariantGroup section */

/* Begin XCBuildConfiguration section */
		DF97EB6F224D435100B5DA3A /* Debug */ = {
			isa = XCBuildConfiguration;
			buildSettings = {
				ALWAYS_SEARCH_USER_PATHS = NO;
				CLANG_ANALYZER_NONNULL = YES;
				CLANG_ANALYZER_NUMBER_OBJECT_CONVERSION = YES_AGGRESSIVE;
				CLANG_CXX_LANGUAGE_STANDARD = "gnu++14";
				CLANG_CXX_LIBRARY = "libc++";
				CLANG_ENABLE_MODULES = YES;
				CLANG_ENABLE_OBJC_ARC = YES;
				CLANG_ENABLE_OBJC_WEAK = YES;
				CLANG_WARN_BLOCK_CAPTURE_AUTORELEASING = YES;
				CLANG_WARN_BOOL_CONVERSION = YES;
				CLANG_WARN_COMMA = YES;
				CLANG_WARN_CONSTANT_CONVERSION = YES;
				CLANG_WARN_DEPRECATED_OBJC_IMPLEMENTATIONS = YES;
				CLANG_WARN_DIRECT_OBJC_ISA_USAGE = YES_ERROR;
				CLANG_WARN_DOCUMENTATION_COMMENTS = YES;
				CLANG_WARN_EMPTY_BODY = YES;
				CLANG_WARN_ENUM_CONVERSION = YES;
				CLANG_WARN_INFINITE_RECURSION = YES;
				CLANG_WARN_INT_CONVERSION = YES;
				CLANG_WARN_NON_LITERAL_NULL_CONVERSION = YES;
				CLANG_WARN_OBJC_IMPLICIT_RETAIN_SELF = YES;
				CLANG_WARN_OBJC_LITERAL_CONVERSION = YES;
				CLANG_WARN_OBJC_ROOT_CLASS = YES_ERROR;
				CLANG_WARN_RANGE_LOOP_ANALYSIS = YES;
				CLANG_WARN_STRICT_PROTOTYPES = YES;
				CLANG_WARN_SUSPICIOUS_MOVE = YES;
				CLANG_WARN_UNGUARDED_AVAILABILITY = YES_AGGRESSIVE;
				CLANG_WARN_UNREACHABLE_CODE = YES;
				CLANG_WARN__DUPLICATE_METHOD_MATCH = YES;
				CODE_SIGN_IDENTITY = "iPhone Developer";
				COPY_PHASE_STRIP = NO;
				DEBUG_INFORMATION_FORMAT = dwarf;
				ENABLE_STRICT_OBJC_MSGSEND = YES;
				ENABLE_TESTABILITY = YES;
				GCC_C_LANGUAGE_STANDARD = gnu11;
				GCC_DYNAMIC_NO_PIC = NO;
				GCC_NO_COMMON_BLOCKS = YES;
				GCC_OPTIMIZATION_LEVEL = 0;
				GCC_PREPROCESSOR_DEFINITIONS = (
					"DEBUG=1",
					"$(inherited)",
				);
				GCC_WARN_64_TO_32_BIT_CONVERSION = YES;
				GCC_WARN_ABOUT_RETURN_TYPE = YES_ERROR;
				GCC_WARN_UNDECLARED_SELECTOR = YES;
				GCC_WARN_UNINITIALIZED_AUTOS = YES_AGGRESSIVE;
				GCC_WARN_UNUSED_FUNCTION = YES;
				GCC_WARN_UNUSED_VARIABLE = YES;
				IPHONEOS_DEPLOYMENT_TARGET = 12.0;
				MTL_ENABLE_DEBUG_INFO = INCLUDE_SOURCE;
				MTL_FAST_MATH = YES;
				ONLY_ACTIVE_ARCH = YES;
				SDKROOT = iphoneos;
				SWIFT_ACTIVE_COMPILATION_CONDITIONS = DEBUG;
				SWIFT_OPTIMIZATION_LEVEL = "-Onone";
			};
			name = Debug;
		};
		DF97EB70224D435100B5DA3A /* Release */ = {
			isa = XCBuildConfiguration;
			buildSettings = {
				ALWAYS_SEARCH_USER_PATHS = NO;
				CLANG_ANALYZER_NONNULL = YES;
				CLANG_ANALYZER_NUMBER_OBJECT_CONVERSION = YES_AGGRESSIVE;
				CLANG_CXX_LANGUAGE_STANDARD = "gnu++14";
				CLANG_CXX_LIBRARY = "libc++";
				CLANG_ENABLE_MODULES = YES;
				CLANG_ENABLE_OBJC_ARC = YES;
				CLANG_ENABLE_OBJC_WEAK = YES;
				CLANG_WARN_BLOCK_CAPTURE_AUTORELEASING = YES;
				CLANG_WARN_BOOL_CONVERSION = YES;
				CLANG_WARN_COMMA = YES;
				CLANG_WARN_CONSTANT_CONVERSION = YES;
				CLANG_WARN_DEPRECATED_OBJC_IMPLEMENTATIONS = YES;
				CLANG_WARN_DIRECT_OBJC_ISA_USAGE = YES_ERROR;
				CLANG_WARN_DOCUMENTATION_COMMENTS = YES;
				CLANG_WARN_EMPTY_BODY = YES;
				CLANG_WARN_ENUM_CONVERSION = YES;
				CLANG_WARN_INFINITE_RECURSION = YES;
				CLANG_WARN_INT_CONVERSION = YES;
				CLANG_WARN_NON_LITERAL_NULL_CONVERSION = YES;
				CLANG_WARN_OBJC_IMPLICIT_RETAIN_SELF = YES;
				CLANG_WARN_OBJC_LITERAL_CONVERSION = YES;
				CLANG_WARN_OBJC_ROOT_CLASS = YES_ERROR;
				CLANG_WARN_RANGE_LOOP_ANALYSIS = YES;
				CLANG_WARN_STRICT_PROTOTYPES = YES;
				CLANG_WARN_SUSPICIOUS_MOVE = YES;
				CLANG_WARN_UNGUARDED_AVAILABILITY = YES_AGGRESSIVE;
				CLANG_WARN_UNREACHABLE_CODE = YES;
				CLANG_WARN__DUPLICATE_METHOD_MATCH = YES;
				CODE_SIGN_IDENTITY = "iPhone Developer";
				COPY_PHASE_STRIP = NO;
				DEBUG_INFORMATION_FORMAT = "dwarf-with-dsym";
				ENABLE_NS_ASSERTIONS = NO;
				ENABLE_STRICT_OBJC_MSGSEND = YES;
				GCC_C_LANGUAGE_STANDARD = gnu11;
				GCC_NO_COMMON_BLOCKS = YES;
				GCC_WARN_64_TO_32_BIT_CONVERSION = YES;
				GCC_WARN_ABOUT_RETURN_TYPE = YES_ERROR;
				GCC_WARN_UNDECLARED_SELECTOR = YES;
				GCC_WARN_UNINITIALIZED_AUTOS = YES_AGGRESSIVE;
				GCC_WARN_UNUSED_FUNCTION = YES;
				GCC_WARN_UNUSED_VARIABLE = YES;
				IPHONEOS_DEPLOYMENT_TARGET = 12.0;
				MTL_ENABLE_DEBUG_INFO = NO;
				MTL_FAST_MATH = YES;
				SDKROOT = iphoneos;
				SWIFT_COMPILATION_MODE = wholemodule;
				SWIFT_OPTIMIZATION_LEVEL = "-O";
				VALIDATE_PRODUCT = YES;
			};
			name = Release;
		};
		DF97EB72224D435100B5DA3A /* Debug */ = {
			isa = XCBuildConfiguration;
			buildSettings = {
				ASSETCATALOG_COMPILER_APPICON_NAME = AppIcon;
				CODE_SIGN_STYLE = Automatic;
				DEVELOPMENT_TEAM = BYHH9YALN2;
				INFOPLIST_FILE = TableViewEx/Info.plist;
				LD_RUNPATH_SEARCH_PATHS = (
					"$(inherited)",
					"@executable_path/Frameworks",
				);
				PRODUCT_BUNDLE_IDENTIFIER = Helaine.TableViewEx;
				PRODUCT_NAME = "$(TARGET_NAME)";
				SWIFT_VERSION = 4.2;
				TARGETED_DEVICE_FAMILY = "1,2";
			};
			name = Debug;
		};
		DF97EB73224D435100B5DA3A /* Release */ = {
			isa = XCBuildConfiguration;
			buildSettings = {
				ASSETCATALOG_COMPILER_APPICON_NAME = AppIcon;
				CODE_SIGN_STYLE = Automatic;
				DEVELOPMENT_TEAM = BYHH9YALN2;
				INFOPLIST_FILE = TableViewEx/Info.plist;
				LD_RUNPATH_SEARCH_PATHS = (
					"$(inherited)",
					"@executable_path/Frameworks",
				);
				PRODUCT_BUNDLE_IDENTIFIER = Helaine.TableViewEx;
				PRODUCT_NAME = "$(TARGET_NAME)";
				SWIFT_VERSION = 4.2;
				TARGETED_DEVICE_FAMILY = "1,2";
			};
			name = Release;
		};
/* End XCBuildConfiguration section */

/* Begin XCConfigurationList section */
		DF97EB5A224D435000B5DA3A /* Build configuration list for PBXProject "TableViewEx" */ = {
			isa = XCConfigurationList;
			buildConfigurations = (
				DF97EB6F224D435100B5DA3A /* Debug */,
				DF97EB70224D435100B5DA3A /* Release */,
			);
			defaultConfigurationIsVisible = 0;
			defaultConfigurationName = Release;
		};
		DF97EB71224D435100B5DA3A /* Build configuration list for PBXNativeTarget "TableViewEx" */ = {
			isa = XCConfigurationList;
			buildConfigurations = (
				DF97EB72224D435100B5DA3A /* Debug */,
				DF97EB73224D435100B5DA3A /* Release */,
			);
			defaultConfigurationIsVisible = 0;
			defaultConfigurationName = Release;
		};
/* End XCConfigurationList section */
	};
	rootObject = DF97EB57224D435000B5DA3A /* Project object */;
}
