// !$*UTF8*$!
{
	archiveVersion = 1;
	classes = {
	};
	objectVersion = 50;
	objects = {

/* Begin PBXBuildFile section */
		A3BE72E922723B1F00378651 /* TableViewCell.swift in Sources */ = {isa = PBXBuildFile; fileRef = A3BE72E822723B1F00378651 /* TableViewCell.swift */; };
		A3BE72EB22723B4500378651 /* TableViewController.swift in Sources */ = {isa = PBXBuildFile; fileRef = A3BE72EA22723B4500378651 /* TableViewController.swift */; };
		A3BE72ED2272443E00378651 /* CadastroViewController.swift in Sources */ = {isa = PBXBuildFile; fileRef = A3BE72EC2272443E00378651 /* CadastroViewController.swift */; };
		A3BE72F222724CB200378651 /* SemanaCollectionViewCell.swift in Sources */ = {isa = PBXBuildFile; fileRef = A3BE72F122724CB200378651 /* SemanaCollectionViewCell.swift */; };
		A3E7CCFA2270CFED00FD4771 /* AppDelegate.swift in Sources */ = {isa = PBXBuildFile; fileRef = A3E7CCF92270CFED00FD4771 /* AppDelegate.swift */; };
		A3E7CCFF2270CFED00FD4771 /* Main.storyboard in Resources */ = {isa = PBXBuildFile; fileRef = A3E7CCFD2270CFED00FD4771 /* Main.storyboard */; };
		A3E7CD022270CFED00FD4771 /* SlideMenu.xcdatamodeld in Sources */ = {isa = PBXBuildFile; fileRef = A3E7CD002270CFED00FD4771 /* SlideMenu.xcdatamodeld */; };
		A3E7CD042270CFEE00FD4771 /* Assets.xcassets in Resources */ = {isa = PBXBuildFile; fileRef = A3E7CD032270CFEE00FD4771 /* Assets.xcassets */; };
		A3E7CD072270CFEE00FD4771 /* LaunchScreen.storyboard in Resources */ = {isa = PBXBuildFile; fileRef = A3E7CD052270CFEE00FD4771 /* LaunchScreen.storyboard */; };
		DF1584D42277791800808A81 /* DetailsViewController.swift in Sources */ = {isa = PBXBuildFile; fileRef = DF1584D32277791800808A81 /* DetailsViewController.swift */; };
		DF1584D8227783CB00808A81 /* HomeViewController.swift in Sources */ = {isa = PBXBuildFile; fileRef = DF1584D7227783CB00808A81 /* HomeViewController.swift */; };
		DF1F41DC22738DDB00488E55 /* Disciplina+CoreDataClass.swift in Sources */ = {isa = PBXBuildFile; fileRef = DF1F41DA22738DDB00488E55 /* Disciplina+CoreDataClass.swift */; };
		DF1F41DD22738DDB00488E55 /* Disciplina+CoreDataProperties.swift in Sources */ = {isa = PBXBuildFile; fileRef = DF1F41DB22738DDB00488E55 /* Disciplina+CoreDataProperties.swift */; };
		DF1F41DF22738E1D00488E55 /* CoreDataManager.swift in Sources */ = {isa = PBXBuildFile; fileRef = DF1F41DE22738E1D00488E55 /* CoreDataManager.swift */; };
/* End PBXBuildFile section */

/* Begin PBXFileReference section */
		A3BE72E822723B1F00378651 /* TableViewCell.swift */ = {isa = PBXFileReference; lastKnownFileType = sourcecode.swift; path = TableViewCell.swift; sourceTree = "<group>"; };
		A3BE72EA22723B4500378651 /* TableViewController.swift */ = {isa = PBXFileReference; lastKnownFileType = sourcecode.swift; path = TableViewController.swift; sourceTree = "<group>"; };
		A3BE72EC2272443E00378651 /* CadastroViewController.swift */ = {isa = PBXFileReference; lastKnownFileType = sourcecode.swift; path = CadastroViewController.swift; sourceTree = "<group>"; };
		A3BE72F122724CB200378651 /* SemanaCollectionViewCell.swift */ = {isa = PBXFileReference; lastKnownFileType = sourcecode.swift; path = SemanaCollectionViewCell.swift; sourceTree = "<group>"; };
		A3E7CCF62270CFED00FD4771 /* SlideMenu.app */ = {isa = PBXFileReference; explicitFileType = wrapper.application; includeInIndex = 0; path = SlideMenu.app; sourceTree = BUILT_PRODUCTS_DIR; };
		A3E7CCF92270CFED00FD4771 /* AppDelegate.swift */ = {isa = PBXFileReference; lastKnownFileType = sourcecode.swift; path = AppDelegate.swift; sourceTree = "<group>"; };
		A3E7CCFE2270CFED00FD4771 /* Base */ = {isa = PBXFileReference; lastKnownFileType = file.storyboard; name = Base; path = Base.lproj/Main.storyboard; sourceTree = "<group>"; };
		A3E7CD012270CFED00FD4771 /* SlideMenu.xcdatamodel */ = {isa = PBXFileReference; lastKnownFileType = wrapper.xcdatamodel; path = SlideMenu.xcdatamodel; sourceTree = "<group>"; };
		A3E7CD032270CFEE00FD4771 /* Assets.xcassets */ = {isa = PBXFileReference; lastKnownFileType = folder.assetcatalog; path = Assets.xcassets; sourceTree = "<group>"; };
		A3E7CD062270CFEE00FD4771 /* Base */ = {isa = PBXFileReference; lastKnownFileType = file.storyboard; name = Base; path = Base.lproj/LaunchScreen.storyboard; sourceTree = "<group>"; };
		A3E7CD082270CFEE00FD4771 /* Info.plist */ = {isa = PBXFileReference; lastKnownFileType = text.plist.xml; path = Info.plist; sourceTree = "<group>"; };
		DF1584D32277791800808A81 /* DetailsViewController.swift */ = {isa = PBXFileReference; lastKnownFileType = sourcecode.swift; path = DetailsViewController.swift; sourceTree = "<group>"; };
		DF1584D7227783CB00808A81 /* HomeViewController.swift */ = {isa = PBXFileReference; lastKnownFileType = sourcecode.swift; path = HomeViewController.swift; sourceTree = "<group>"; };
		DF1F41DA22738DDB00488E55 /* Disciplina+CoreDataClass.swift */ = {isa = PBXFileReference; lastKnownFileType = sourcecode.swift; path = "Disciplina+CoreDataClass.swift"; sourceTree = "<group>"; };
		DF1F41DB22738DDB00488E55 /* Disciplina+CoreDataProperties.swift */ = {isa = PBXFileReference; lastKnownFileType = sourcecode.swift; path = "Disciplina+CoreDataProperties.swift"; sourceTree = "<group>"; };
		DF1F41DE22738E1D00488E55 /* CoreDataManager.swift */ = {isa = PBXFileReference; lastKnownFileType = sourcecode.swift; path = CoreDataManager.swift; sourceTree = "<group>"; };
/* End PBXFileReference section */

/* Begin PBXFrameworksBuildPhase section */
		A3E7CCF32270CFED00FD4771 /* Frameworks */ = {
			isa = PBXFrameworksBuildPhase;
			buildActionMask = 2147483647;
			files = (
			);
			runOnlyForDeploymentPostprocessing = 0;
		};
/* End PBXFrameworksBuildPhase section */

/* Begin PBXGroup section */
		A3E7CCED2270CFED00FD4771 = {
			isa = PBXGroup;
			children = (
				DF1F41DA22738DDB00488E55 /* Disciplina+CoreDataClass.swift */,
				DF1F41DB22738DDB00488E55 /* Disciplina+CoreDataProperties.swift */,
				A3E7CCF82270CFED00FD4771 /* SlideMenu */,
				A3E7CCF72270CFED00FD4771 /* Products */,
			);
			sourceTree = "<group>";
		};
		A3E7CCF72270CFED00FD4771 /* Products */ = {
			isa = PBXGroup;
			children = (
				A3E7CCF62270CFED00FD4771 /* SlideMenu.app */,
			);
			name = Products;
			sourceTree = "<group>";
		};
		A3E7CCF82270CFED00FD4771 /* SlideMenu */ = {
			isa = PBXGroup;
			children = (
				A3E7CCF92270CFED00FD4771 /* AppDelegate.swift */,
				A3BE72EA22723B4500378651 /* TableViewController.swift */,
				DF1584D32277791800808A81 /* DetailsViewController.swift */,
				A3BE72EC2272443E00378651 /* CadastroViewController.swift */,
				DF1584D7227783CB00808A81 /* HomeViewController.swift */,
				A3E7CCFD2270CFED00FD4771 /* Main.storyboard */,
				A3E7CD032270CFEE00FD4771 /* Assets.xcassets */,
				A3E7CD052270CFEE00FD4771 /* LaunchScreen.storyboard */,
				A3E7CD082270CFEE00FD4771 /* Info.plist */,
				A3E7CD002270CFED00FD4771 /* SlideMenu.xcdatamodeld */,
				A3BE72E822723B1F00378651 /* TableViewCell.swift */,
				DF1F41DE22738E1D00488E55 /* CoreDataManager.swift */,
				A3BE72F122724CB200378651 /* SemanaCollectionViewCell.swift */,
			);
			path = SlideMenu;
			sourceTree = "<group>";
		};
/* End PBXGroup section */

/* Begin PBXNativeTarget section */
		A3E7CCF52270CFED00FD4771 /* SlideMenu */ = {
			isa = PBXNativeTarget;
			buildConfigurationList = A3E7CD0B2270CFEE00FD4771 /* Build configuration list for PBXNativeTarget "SlideMenu" */;
			buildPhases = (
				A3E7CCF22270CFED00FD4771 /* Sources */,
				A3E7CCF32270CFED00FD4771 /* Frameworks */,
				A3E7CCF42270CFED00FD4771 /* Resources */,
			);
			buildRules = (
			);
			dependencies = (
			);
			name = SlideMenu;
			productName = SlideMenu;
			productReference = A3E7CCF62270CFED00FD4771 /* SlideMenu.app */;
			productType = "com.apple.product-type.application";
		};
/* End PBXNativeTarget section */

/* Begin PBXProject section */
		A3E7CCEE2270CFED00FD4771 /* Project object */ = {
			isa = PBXProject;
			attributes = {
				LastSwiftUpdateCheck = 1010;
				LastUpgradeCheck = 1010;
				ORGANIZATIONNAME = "ALEXANDRE DA SILVA VALE";
				TargetAttributes = {
					A3E7CCF52270CFED00FD4771 = {
						CreatedOnToolsVersion = 10.1;
					};
				};
			};
			buildConfigurationList = A3E7CCF12270CFED00FD4771 /* Build configuration list for PBXProject "SlideMenu" */;
			compatibilityVersion = "Xcode 9.3";
			developmentRegion = en;
			hasScannedForEncodings = 0;
			knownRegions = (
				en,
				Base,
			);
			mainGroup = A3E7CCED2270CFED00FD4771;
			productRefGroup = A3E7CCF72270CFED00FD4771 /* Products */;
			projectDirPath = "";
			projectRoot = "";
			targets = (
				A3E7CCF52270CFED00FD4771 /* SlideMenu */,
			);
		};
/* End PBXProject section */

/* Begin PBXResourcesBuildPhase section */
		A3E7CCF42270CFED00FD4771 /* Resources */ = {
			isa = PBXResourcesBuildPhase;
			buildActionMask = 2147483647;
			files = (
				A3E7CD072270CFEE00FD4771 /* LaunchScreen.storyboard in Resources */,
				A3E7CD042270CFEE00FD4771 /* Assets.xcassets in Resources */,
				A3E7CCFF2270CFED00FD4771 /* Main.storyboard in Resources */,
			);
			runOnlyForDeploymentPostprocessing = 0;
		};
/* End PBXResourcesBuildPhase section */

/* Begin PBXSourcesBuildPhase section */
		A3E7CCF22270CFED00FD4771 /* Sources */ = {
			isa = PBXSourcesBuildPhase;
			buildActionMask = 2147483647;
			files = (
				A3BE72E922723B1F00378651 /* TableViewCell.swift in Sources */,
				DF1F41DD22738DDB00488E55 /* Disciplina+CoreDataProperties.swift in Sources */,
				A3BE72F222724CB200378651 /* SemanaCollectionViewCell.swift in Sources */,
				A3E7CCFA2270CFED00FD4771 /* AppDelegate.swift in Sources */,
				A3BE72EB22723B4500378651 /* TableViewController.swift in Sources */,
				A3BE72ED2272443E00378651 /* CadastroViewController.swift in Sources */,
				DF1F41DF22738E1D00488E55 /* CoreDataManager.swift in Sources */,
				DF1584D8227783CB00808A81 /* HomeViewController.swift in Sources */,
				A3E7CD022270CFED00FD4771 /* SlideMenu.xcdatamodeld in Sources */,
				DF1F41DC22738DDB00488E55 /* Disciplina+CoreDataClass.swift in Sources */,
				DF1584D42277791800808A81 /* DetailsViewController.swift in Sources */,
			);
			runOnlyForDeploymentPostprocessing = 0;
		};
/* End PBXSourcesBuildPhase section */

/* Begin PBXVariantGroup section */
		A3E7CCFD2270CFED00FD4771 /* Main.storyboard */ = {
			isa = PBXVariantGroup;
			children = (
				A3E7CCFE2270CFED00FD4771 /* Base */,
			);
			name = Main.storyboard;
			sourceTree = "<group>";
		};
		A3E7CD052270CFEE00FD4771 /* LaunchScreen.storyboard */ = {
			isa = PBXVariantGroup;
			children = (
				A3E7CD062270CFEE00FD4771 /* Base */,
			);
			name = LaunchScreen.storyboard;
			sourceTree = "<group>";
		};
/* End PBXVariantGroup section */

/* Begin XCBuildConfiguration section */
		A3E7CD092270CFEE00FD4771 /* Debug */ = {
			isa = XCBuildConfiguration;
			buildSettings = {
				ALWAYS_SEARCH_USER_PATHS = NO;
				CLANG_ANALYZER_NONNULL = YES;
				CLANG_ANALYZER_NUMBER_OBJECT_CONVERSION = YES_AGGRESSIVE;
				CLANG_CXX_LANGUAGE_STANDARD = "gnu++14";
				CLANG_CXX_LIBRARY = "libc++";
				CLANG_ENABLE_MODULES = YES;
				CLANG_ENABLE_OBJC_ARC = YES;
				CLANG_ENABLE_OBJC_WEAK = YES;
				CLANG_WARN_BLOCK_CAPTURE_AUTORELEASING = YES;
				CLANG_WARN_BOOL_CONVERSION = YES;
				CLANG_WARN_COMMA = YES;
				CLANG_WARN_CONSTANT_CONVERSION = YES;
				CLANG_WARN_DEPRECATED_OBJC_IMPLEMENTATIONS = YES;
				CLANG_WARN_DIRECT_OBJC_ISA_USAGE = YES_ERROR;
				CLANG_WARN_DOCUMENTATION_COMMENTS = YES;
				CLANG_WARN_EMPTY_BODY = YES;
				CLANG_WARN_ENUM_CONVERSION = YES;
				CLANG_WARN_INFINITE_RECURSION = YES;
				CLANG_WARN_INT_CONVERSION = YES;
				CLANG_WARN_NON_LITERAL_NULL_CONVERSION = YES;
				CLANG_WARN_OBJC_IMPLICIT_RETAIN_SELF = YES;
				CLANG_WARN_OBJC_LITERAL_CONVERSION = YES;
				CLANG_WARN_OBJC_ROOT_CLASS = YES_ERROR;
				CLANG_WARN_RANGE_LOOP_ANALYSIS = YES;
				CLANG_WARN_STRICT_PROTOTYPES = YES;
				CLANG_WARN_SUSPICIOUS_MOVE = YES;
				CLANG_WARN_UNGUARDED_AVAILABILITY = YES_AGGRESSIVE;
				CLANG_WARN_UNREACHABLE_CODE = YES;
				CLANG_WARN__DUPLICATE_METHOD_MATCH = YES;
				CODE_SIGN_IDENTITY = "iPhone Developer";
				COPY_PHASE_STRIP = NO;
				DEBUG_INFORMATION_FORMAT = dwarf;
				ENABLE_STRICT_OBJC_MSGSEND = YES;
				ENABLE_TESTABILITY = YES;
				GCC_C_LANGUAGE_STANDARD = gnu11;
				GCC_DYNAMIC_NO_PIC = NO;
				GCC_NO_COMMON_BLOCKS = YES;
				GCC_OPTIMIZATION_LEVEL = 0;
				GCC_PREPROCESSOR_DEFINITIONS = (
					"DEBUG=1",
					"$(inherited)",
				);
				GCC_WARN_64_TO_32_BIT_CONVERSION = YES;
				GCC_WARN_ABOUT_RETURN_TYPE = YES_ERROR;
				GCC_WARN_UNDECLARED_SELECTOR = YES;
				GCC_WARN_UNINITIALIZED_AUTOS = YES_AGGRESSIVE;
				GCC_WARN_UNUSED_FUNCTION = YES;
				GCC_WARN_UNUSED_VARIABLE = YES;
				IPHONEOS_DEPLOYMENT_TARGET = 12.1;
				MTL_ENABLE_DEBUG_INFO = INCLUDE_SOURCE;
				MTL_FAST_MATH = YES;
				ONLY_ACTIVE_ARCH = YES;
				SDKROOT = iphoneos;
				SWIFT_ACTIVE_COMPILATION_CONDITIONS = DEBUG;
				SWIFT_OPTIMIZATION_LEVEL = "-Onone";
			};
			name = Debug;
		};
		A3E7CD0A2270CFEE00FD4771 /* Release */ = {
			isa = XCBuildConfiguration;
			buildSettings = {
				ALWAYS_SEARCH_USER_PATHS = NO;
				CLANG_ANALYZER_NONNULL = YES;
				CLANG_ANALYZER_NUMBER_OBJECT_CONVERSION = YES_AGGRESSIVE;
				CLANG_CXX_LANGUAGE_STANDARD = "gnu++14";
				CLANG_CXX_LIBRARY = "libc++";
				CLANG_ENABLE_MODULES = YES;
				CLANG_ENABLE_OBJC_ARC = YES;
				CLANG_ENABLE_OBJC_WEAK = YES;
				CLANG_WARN_BLOCK_CAPTURE_AUTORELEASING = YES;
				CLANG_WARN_BOOL_CONVERSION = YES;
				CLANG_WARN_COMMA = YES;
				CLANG_WARN_CONSTANT_CONVERSION = YES;
				CLANG_WARN_DEPRECATED_OBJC_IMPLEMENTATIONS = YES;
				CLANG_WARN_DIRECT_OBJC_ISA_USAGE = YES_ERROR;
				CLANG_WARN_DOCUMENTATION_COMMENTS = YES;
				CLANG_WARN_EMPTY_BODY = YES;
				CLANG_WARN_ENUM_CONVERSION = YES;
				CLANG_WARN_INFINITE_RECURSION = YES;
				CLANG_WARN_INT_CONVERSION = YES;
				CLANG_WARN_NON_LITERAL_NULL_CONVERSION = YES;
				CLANG_WARN_OBJC_IMPLICIT_RETAIN_SELF = YES;
				CLANG_WARN_OBJC_LITERAL_CONVERSION = YES;
				CLANG_WARN_OBJC_ROOT_CLASS = YES_ERROR;
				CLANG_WARN_RANGE_LOOP_ANALYSIS = YES;
				CLANG_WARN_STRICT_PROTOTYPES = YES;
				CLANG_WARN_SUSPICIOUS_MOVE = YES;
				CLANG_WARN_UNGUARDED_AVAILABILITY = YES_AGGRESSIVE;
				CLANG_WARN_UNREACHABLE_CODE = YES;
				CLANG_WARN__DUPLICATE_METHOD_MATCH = YES;
				CODE_SIGN_IDENTITY = "iPhone Developer";
				COPY_PHASE_STRIP = NO;
				DEBUG_INFORMATION_FORMAT = "dwarf-with-dsym";
				ENABLE_NS_ASSERTIONS = NO;
				ENABLE_STRICT_OBJC_MSGSEND = YES;
				GCC_C_LANGUAGE_STANDARD = gnu11;
				GCC_NO_COMMON_BLOCKS = YES;
				GCC_WARN_64_TO_32_BIT_CONVERSION = YES;
				GCC_WARN_ABOUT_RETURN_TYPE = YES_ERROR;
				GCC_WARN_UNDECLARED_SELECTOR = YES;
				GCC_WARN_UNINITIALIZED_AUTOS = YES_AGGRESSIVE;
				GCC_WARN_UNUSED_FUNCTION = YES;
				GCC_WARN_UNUSED_VARIABLE = YES;
				IPHONEOS_DEPLOYMENT_TARGET = 12.1;
				MTL_ENABLE_DEBUG_INFO = NO;
				MTL_FAST_MATH = YES;
				SDKROOT = iphoneos;
				SWIFT_COMPILATION_MODE = wholemodule;
				SWIFT_OPTIMIZATION_LEVEL = "-O";
				VALIDATE_PRODUCT = YES;
			};
			name = Release;
		};
		A3E7CD0C2270CFEE00FD4771 /* Debug */ = {
			isa = XCBuildConfiguration;
			buildSettings = {
				ASSETCATALOG_COMPILER_APPICON_NAME = AppIcon;
				CODE_SIGN_STYLE = Automatic;
				INFOPLIST_FILE = SlideMenu/Info.plist;
				IPHONEOS_DEPLOYMENT_TARGET = 12.0;
				LD_RUNPATH_SEARCH_PATHS = (
					"$(inherited)",
					"@executable_path/Frameworks",
				);
				PRODUCT_BUNDLE_IDENTIFIER = br.ifce.SlideMenu;
				PRODUCT_NAME = "$(TARGET_NAME)";
				SWIFT_VERSION = 4.2;
				TARGETED_DEVICE_FAMILY = "1,2";
			};
			name = Debug;
		};
		A3E7CD0D2270CFEE00FD4771 /* Release */ = {
			isa = XCBuildConfiguration;
			buildSettings = {
				ASSETCATALOG_COMPILER_APPICON_NAME = AppIcon;
				CODE_SIGN_STYLE = Automatic;
				INFOPLIST_FILE = SlideMenu/Info.plist;
				IPHONEOS_DEPLOYMENT_TARGET = 12.0;
				LD_RUNPATH_SEARCH_PATHS = (
					"$(inherited)",
					"@executable_path/Frameworks",
				);
				PRODUCT_BUNDLE_IDENTIFIER = br.ifce.SlideMenu;
				PRODUCT_NAME = "$(TARGET_NAME)";
				SWIFT_VERSION = 4.2;
				TARGETED_DEVICE_FAMILY = "1,2";
			};
			name = Release;
		};
/* End XCBuildConfiguration section */

/* Begin XCConfigurationList section */
		A3E7CCF12270CFED00FD4771 /* Build configuration list for PBXProject "SlideMenu" */ = {
			isa = XCConfigurationList;
			buildConfigurations = (
				A3E7CD092270CFEE00FD4771 /* Debug */,
				A3E7CD0A2270CFEE00FD4771 /* Release */,
			);
			defaultConfigurationIsVisible = 0;
			defaultConfigurationName = Release;
		};
		A3E7CD0B2270CFEE00FD4771 /* Build configuration list for PBXNativeTarget "SlideMenu" */ = {
			isa = XCConfigurationList;
			buildConfigurations = (
				A3E7CD0C2270CFEE00FD4771 /* Debug */,
				A3E7CD0D2270CFEE00FD4771 /* Release */,
			);
			defaultConfigurationIsVisible = 0;
			defaultConfigurationName = Release;
		};
/* End XCConfigurationList section */

/* Begin XCVersionGroup section */
		A3E7CD002270CFED00FD4771 /* SlideMenu.xcdatamodeld */ = {
			isa = XCVersionGroup;
			children = (
				A3E7CD012270CFED00FD4771 /* SlideMenu.xcdatamodel */,
			);
			currentVersion = A3E7CD012270CFED00FD4771 /* SlideMenu.xcdatamodel */;
			path = SlideMenu.xcdatamodeld;
			sourceTree = "<group>";
			versionGroupType = wrapper.xcdatamodel;
		};
/* End XCVersionGroup section */
	};
	rootObject = A3E7CCEE2270CFED00FD4771 /* Project object */;
}
